// !$*UTF8*$!
{
	archiveVersion = 1;
	classes = {
	};
	objectVersion = 77;
	objects = {

/* Begin PBXBuildFile section */
		A10000000000000000000001 /* WingoApp.swift in Sources */ = {isa = PBXBuildFile; fileRef = A20000000000000000000001 /* WingoApp.swift */; };
		A10000000000000000000002 /* WindowItem.swift in Sources */ = {isa = PBXBuildFile; fileRef = A20000000000000000000002 /* WindowItem.swift */; };
		A10000000000000000000003 /* AccessibilityService.swift in Sources */ = {isa = PBXBuildFile; fileRef = A20000000000000000000003 /* AccessibilityService.swift */; };
		A10000000000000000000004 /* WindowService.swift in Sources */ = {isa = PBXBuildFile; fileRef = A20000000000000000000004 /* WindowService.swift */; };
		A10000000000000000000005 /* WindowListView.swift in Sources */ = {isa = PBXBuildFile; fileRef = A20000000000000000000005 /* WindowListView.swift */; };
		A10000000000000000000006 /* WindowListViewModel.swift in Sources */ = {isa = PBXBuildFile; fileRef = A20000000000000000000006 /* WindowListViewModel.swift */; };
		A10000000000000000000007 /* WindowActivationService.swift in Sources */ = {isa = PBXBuildFile; fileRef = A20000000000000000000007 /* WindowActivationService.swift */; };
		A10000000000000000000008 /* GlobalShortcutService.swift in Sources */ = {isa = PBXBuildFile; fileRef = A20000000000000000000008 /* GlobalShortcutService.swift */; };
		A10000000000000000000009 /* SwitcherWindowController.swift in Sources */ = {isa = PBXBuildFile; fileRef = A20000000000000000000009 /* SwitcherWindowController.swift */; };
		A1000000000000000000000A /* AppDelegate.swift in Sources */ = {isa = PBXBuildFile; fileRef = A2000000000000000000000A /* AppDelegate.swift */; };
		A1000000000000000000000B /* WindowHistory.swift in Sources */ = {isa = PBXBuildFile; fileRef = A2000000000000000000000B /* WindowHistory.swift */; };
		A1000000000000000000000C /* WindowFocusObserverService.swift in Sources */ = {isa = PBXBuildFile; fileRef = A2000000000000000000000C /* WindowFocusObserverService.swift */; };
		A1000000000000000000000D /* WindowShortcut.swift in Sources */ = {isa = PBXBuildFile; fileRef = A2000000000000000000000D /* WindowShortcut.swift */; };
		B10000000000000000000001 /* WindowHistoryTests.swift in Sources */ = {isa = PBXBuildFile; fileRef = B20000000000000000000001 /* WindowHistoryTests.swift */; };
		B10000000000000000000002 /* WindowHistory.swift in Sources */ = {isa = PBXBuildFile; fileRef = A2000000000000000000000B /* WindowHistory.swift */; };
		B10000000000000000000003 /* WindowItem.swift in Sources */ = {isa = PBXBuildFile; fileRef = A20000000000000000000002 /* WindowItem.swift */; };
		B10000000000000000000004 /* WindowShortcutTests.swift in Sources */ = {isa = PBXBuildFile; fileRef = B20000000000000000000002 /* WindowShortcutTests.swift */; };
		B10000000000000000000005 /* WindowShortcut.swift in Sources */ = {isa = PBXBuildFile; fileRef = A2000000000000000000000D /* WindowShortcut.swift */; };
/* End PBXBuildFile section */

/* Begin PBXFileReference section */
		A20000000000000000000000 /* Wingo.app */ = {isa = PBXFileReference; explicitFileType = wrapper.application; includeInIndex = 0; path = Wingo.app; sourceTree = BUILT_PRODUCTS_DIR; };
		A20000000000000000000001 /* WingoApp.swift */ = {isa = PBXFileReference; lastKnownFileType = sourcecode.swift; path = WingoApp.swift; sourceTree = "<group>"; };
		A20000000000000000000002 /* WindowItem.swift */ = {isa = PBXFileReference; lastKnownFileType = sourcecode.swift; path = WindowItem.swift; sourceTree = "<group>"; };
		A20000000000000000000003 /* AccessibilityService.swift */ = {isa = PBXFileReference; lastKnownFileType = sourcecode.swift; path = AccessibilityService.swift; sourceTree = "<group>"; };
		A20000000000000000000004 /* WindowService.swift */ = {isa = PBXFileReference; lastKnownFileType = sourcecode.swift; path = WindowService.swift; sourceTree = "<group>"; };
		A20000000000000000000005 /* WindowListView.swift */ = {isa = PBXFileReference; lastKnownFileType = sourcecode.swift; path = WindowListView.swift; sourceTree = "<group>"; };
		A20000000000000000000006 /* WindowListViewModel.swift */ = {isa = PBXFileReference; lastKnownFileType = sourcecode.swift; path = WindowListViewModel.swift; sourceTree = "<group>"; };
		A20000000000000000000007 /* WindowActivationService.swift */ = {isa = PBXFileReference; lastKnownFileType = sourcecode.swift; path = WindowActivationService.swift; sourceTree = "<group>"; };
		A20000000000000000000008 /* GlobalShortcutService.swift */ = {isa = PBXFileReference; lastKnownFileType = sourcecode.swift; path = GlobalShortcutService.swift; sourceTree = "<group>"; };
		A20000000000000000000009 /* SwitcherWindowController.swift */ = {isa = PBXFileReference; lastKnownFileType = sourcecode.swift; path = SwitcherWindowController.swift; sourceTree = "<group>"; };
		A2000000000000000000000A /* AppDelegate.swift */ = {isa = PBXFileReference; lastKnownFileType = sourcecode.swift; path = AppDelegate.swift; sourceTree = "<group>"; };
		A2000000000000000000000B /* WindowHistory.swift */ = {isa = PBXFileReference; lastKnownFileType = sourcecode.swift; path = WindowHistory.swift; sourceTree = "<group>"; };
		A2000000000000000000000C /* WindowFocusObserverService.swift */ = {isa = PBXFileReference; lastKnownFileType = sourcecode.swift; path = WindowFocusObserverService.swift; sourceTree = "<group>"; };
		A2000000000000000000000D /* WindowShortcut.swift */ = {isa = PBXFileReference; lastKnownFileType = sourcecode.swift; path = WindowShortcut.swift; sourceTree = "<group>"; };
		B20000000000000000000000 /* WingoTests.xctest */ = {isa = PBXFileReference; explicitFileType = wrapper.cfbundle; includeInIndex = 0; path = WingoTests.xctest; sourceTree = BUILT_PRODUCTS_DIR; };
		B20000000000000000000001 /* WindowHistoryTests.swift */ = {isa = PBXFileReference; lastKnownFileType = sourcecode.swift; path = WindowHistoryTests.swift; sourceTree = "<group>"; };
		B20000000000000000000002 /* WindowShortcutTests.swift */ = {isa = PBXFileReference; lastKnownFileType = sourcecode.swift; path = WindowShortcutTests.swift; sourceTree = "<group>"; };
/* End PBXFileReference section */

/* Begin PBXFrameworksBuildPhase section */
		A30000000000000000000001 /* Frameworks */ = {
			isa = PBXFrameworksBuildPhase;
			buildActionMask = 2147483647;
			files = (
			);
			runOnlyForDeploymentPostprocessing = 0;
		};
		B30000000000000000000001 /* Frameworks */ = {
			isa = PBXFrameworksBuildPhase;
			buildActionMask = 2147483647;
			files = (
			);
			runOnlyForDeploymentPostprocessing = 0;
		};
/* End PBXFrameworksBuildPhase section */

/* Begin PBXGroup section */
		A40000000000000000000000 = {
			isa = PBXGroup;
			children = (
				A40000000000000000000001 /* Wingo */,
				B40000000000000000000001 /* WingoTests */,
				A40000000000000000000005 /* Products */,
			);
			sourceTree = "<group>";
		};
		A40000000000000000000001 /* Wingo */ = {
			isa = PBXGroup;
			children = (
				A2000000000000000000000A /* AppDelegate.swift */,
				A20000000000000000000001 /* WingoApp.swift */,
				A40000000000000000000002 /* Models */,
				A40000000000000000000003 /* Services */,
				A40000000000000000000004 /* UI */,
			);
			path = Wingo;
			sourceTree = "<group>";
		};
		A40000000000000000000002 /* Models */ = {
			isa = PBXGroup;
			children = (
				A20000000000000000000002 /* WindowItem.swift */,
				A2000000000000000000000D /* WindowShortcut.swift */,
			);
			path = Models;
			sourceTree = "<group>";
		};
		A40000000000000000000003 /* Services */ = {
			isa = PBXGroup;
			children = (
				A20000000000000000000003 /* AccessibilityService.swift */,
				A20000000000000000000008 /* GlobalShortcutService.swift */,
				A20000000000000000000007 /* WindowActivationService.swift */,
				A2000000000000000000000C /* WindowFocusObserverService.swift */,
				A2000000000000000000000B /* WindowHistory.swift */,
				A20000000000000000000004 /* WindowService.swift */,
			);
			path = Services;
			sourceTree = "<group>";
		};
		A40000000000000000000004 /* UI */ = {
			isa = PBXGroup;
			children = (
				A20000000000000000000009 /* SwitcherWindowController.swift */,
				A20000000000000000000005 /* WindowListView.swift */,
				A20000000000000000000006 /* WindowListViewModel.swift */,
			);
			path = UI;
			sourceTree = "<group>";
		};
		A40000000000000000000005 /* Products */ = {
			isa = PBXGroup;
			children = (
				A20000000000000000000000 /* Wingo.app */,
				B20000000000000000000000 /* WingoTests.xctest */,
			);
			name = Products;
			sourceTree = "<group>";
		};
		B40000000000000000000001 /* WingoTests */ = {
			isa = PBXGroup;
			children = (
				B20000000000000000000001 /* WindowHistoryTests.swift */,
				B20000000000000000000002 /* WindowShortcutTests.swift */,
			);
			path = WingoTests;
			sourceTree = "<group>";
		};
/* End PBXGroup section */

/* Begin PBXNativeTarget section */
		A50000000000000000000000 /* Wingo */ = {
			isa = PBXNativeTarget;
			buildConfigurationList = A90000000000000000000001 /* Build configuration list for PBXNativeTarget "Wingo" */;
			buildPhases = (
				A70000000000000000000001 /* Sources */,
				A30000000000000000000001 /* Frameworks */,
				A80000000000000000000001 /* Resources */,
			);
			buildRules = (
			);
			dependencies = (
			);
			name = Wingo;
			packageProductDependencies = (
			);
			productName = Wingo;
			productReference = A20000000000000000000000 /* Wingo.app */;
			productType = "com.apple.product-type.application";
		};
		B50000000000000000000000 /* WingoTests */ = {
			isa = PBXNativeTarget;
			buildConfigurationList = B90000000000000000000001 /* Build configuration list for PBXNativeTarget "WingoTests" */;
			buildPhases = (
				B70000000000000000000001 /* Sources */,
				B30000000000000000000001 /* Frameworks */,
				B80000000000000000000001 /* Resources */,
			);
			buildRules = (
			);
			dependencies = (
			);
			name = WingoTests;
			packageProductDependencies = (
			);
			productName = WingoTests;
			productReference = B20000000000000000000000 /* WingoTests.xctest */;
			productType = "com.apple.product-type.bundle.unit-test";
		};
/* End PBXNativeTarget section */

/* Begin PBXProject section */
		A60000000000000000000000 /* Project object */ = {
			isa = PBXProject;
			attributes = {
				BuildIndependentTargetsInParallel = 1;
				LastSwiftUpdateCheck = 2660;
				LastUpgradeCheck = 2660;
				TargetAttributes = {
					A50000000000000000000000 = {
						CreatedOnToolsVersion = 26.6;
					};
					B50000000000000000000000 = {
						CreatedOnToolsVersion = 26.6;
					};
				};
			};
			buildConfigurationList = A90000000000000000000000 /* Build configuration list for PBXProject "Wingo" */;
			developmentRegion = en;
			hasScannedForEncodings = 0;
			knownRegions = (
				en,
				Base,
			);
			mainGroup = A40000000000000000000000;
			minimizedProjectReferenceProxies = 1;
			preferredProjectObjectVersion = 77;
			productRefGroup = A40000000000000000000005 /* Products */;
			projectDirPath = "";
			projectRoot = "";
			targets = (
				A50000000000000000000000 /* Wingo */,
				B50000000000000000000000 /* WingoTests */,
			);
		};
/* End PBXProject section */

/* Begin PBXResourcesBuildPhase section */
		A80000000000000000000001 /* Resources */ = {
			isa = PBXResourcesBuildPhase;
			buildActionMask = 2147483647;
			files = (
			);
			runOnlyForDeploymentPostprocessing = 0;
		};
		B80000000000000000000001 /* Resources */ = {
			isa = PBXResourcesBuildPhase;
			buildActionMask = 2147483647;
			files = (
			);
			runOnlyForDeploymentPostprocessing = 0;
		};
/* End PBXResourcesBuildPhase section */

/* Begin PBXSourcesBuildPhase section */
		A70000000000000000000001 /* Sources */ = {
			isa = PBXSourcesBuildPhase;
			buildActionMask = 2147483647;
			files = (
				A10000000000000000000001 /* WingoApp.swift in Sources */,
				A10000000000000000000002 /* WindowItem.swift in Sources */,
				A10000000000000000000003 /* AccessibilityService.swift in Sources */,
				A10000000000000000000004 /* WindowService.swift in Sources */,
				A10000000000000000000005 /* WindowListView.swift in Sources */,
				A10000000000000000000006 /* WindowListViewModel.swift in Sources */,
				A10000000000000000000007 /* WindowActivationService.swift in Sources */,
				A10000000000000000000008 /* GlobalShortcutService.swift in Sources */,
				A10000000000000000000009 /* SwitcherWindowController.swift in Sources */,
				A1000000000000000000000A /* AppDelegate.swift in Sources */,
				A1000000000000000000000B /* WindowHistory.swift in Sources */,
				A1000000000000000000000C /* WindowFocusObserverService.swift in Sources */,
				A1000000000000000000000D /* WindowShortcut.swift in Sources */,
			);
			runOnlyForDeploymentPostprocessing = 0;
		};
		B70000000000000000000001 /* Sources */ = {
			isa = PBXSourcesBuildPhase;
			buildActionMask = 2147483647;
			files = (
				B10000000000000000000001 /* WindowHistoryTests.swift in Sources */,
				B10000000000000000000002 /* WindowHistory.swift in Sources */,
				B10000000000000000000003 /* WindowItem.swift in Sources */,
				B10000000000000000000004 /* WindowShortcutTests.swift in Sources */,
				B10000000000000000000005 /* WindowShortcut.swift in Sources */,
			);
			runOnlyForDeploymentPostprocessing = 0;
		};
/* End PBXSourcesBuildPhase section */

/* Begin XCBuildConfiguration section */
		AA0000000000000000000001 /* Debug */ = {
			isa = XCBuildConfiguration;
			buildSettings = {
				ALWAYS_SEARCH_USER_PATHS = NO;
				CLANG_ENABLE_MODULES = YES;
				CLANG_ENABLE_OBJC_ARC = YES;
				COPY_PHASE_STRIP = NO;
				DEBUG_INFORMATION_FORMAT = dwarf;
				ENABLE_TESTABILITY = YES;
				GCC_C_LANGUAGE_STANDARD = gnu17;
				GCC_OPTIMIZATION_LEVEL = 0;
				MACOSX_DEPLOYMENT_TARGET = 15.0;
				MTL_ENABLE_DEBUG_INFO = INCLUDE_SOURCE;
				ONLY_ACTIVE_ARCH = YES;
				SDKROOT = macosx;
				SWIFT_ACTIVE_COMPILATION_CONDITIONS = "DEBUG $(inherited)";
				SWIFT_OPTIMIZATION_LEVEL = "-Onone";
			};
			name = Debug;
		};
		AA0000000000000000000002 /* Release */ = {
			isa = XCBuildConfiguration;
			buildSettings = {
				ALWAYS_SEARCH_USER_PATHS = NO;
				CLANG_ENABLE_MODULES = YES;
				CLANG_ENABLE_OBJC_ARC = YES;
				COPY_PHASE_STRIP = NO;
				DEBUG_INFORMATION_FORMAT = "dwarf-with-dsym";
				GCC_C_LANGUAGE_STANDARD = gnu17;
				MACOSX_DEPLOYMENT_TARGET = 15.0;
				MTL_ENABLE_DEBUG_INFO = NO;
				SDKROOT = macosx;
				SWIFT_COMPILATION_MODE = wholemodule;
			};
			name = Release;
		};
		AA0000000000000000000003 /* Debug */ = {
			isa = XCBuildConfiguration;
			buildSettings = {
				CODE_SIGN_STYLE = Automatic;
				COMBINE_HIDPI_IMAGES = YES;
				CURRENT_PROJECT_VERSION = 1;
				DEAD_CODE_STRIPPING = YES;
				DEVELOPMENT_TEAM = J37LQ4CZP7;
				ENABLE_HARDENED_RUNTIME = YES;
				ENABLE_PREVIEWS = YES;
				GENERATE_INFOPLIST_FILE = YES;
				INFOPLIST_KEY_LSApplicationCategoryType = "public.app-category.utilities";
				INFOPLIST_KEY_NSHighResolutionCapable = YES;
				LD_RUNPATH_SEARCH_PATHS = (
					"$(inherited)",
					"@executable_path/../Frameworks",
				);
				MARKETING_VERSION = 0.1.0;
				PRODUCT_BUNDLE_IDENTIFIER = studio.okaryo.wingo;
				PRODUCT_NAME = "$(TARGET_NAME)";
				SWIFT_EMIT_LOC_STRINGS = YES;
				SWIFT_STRICT_CONCURRENCY = complete;
				SWIFT_VERSION = 6.0;
			};
			name = Debug;
		};
		AA0000000000000000000004 /* Release */ = {
			isa = XCBuildConfiguration;
			buildSettings = {
				CODE_SIGN_STYLE = Automatic;
				COMBINE_HIDPI_IMAGES = YES;
				CURRENT_PROJECT_VERSION = 1;
				DEAD_CODE_STRIPPING = YES;
				DEVELOPMENT_TEAM = J37LQ4CZP7;
				ENABLE_HARDENED_RUNTIME = YES;
				GENERATE_INFOPLIST_FILE = YES;
				INFOPLIST_KEY_LSApplicationCategoryType = "public.app-category.utilities";
				INFOPLIST_KEY_NSHighResolutionCapable = YES;
				LD_RUNPATH_SEARCH_PATHS = (
					"$(inherited)",
					"@executable_path/../Frameworks",
				);
				MARKETING_VERSION = 0.1.0;
				PRODUCT_BUNDLE_IDENTIFIER = studio.okaryo.wingo;
				PRODUCT_NAME = "$(TARGET_NAME)";
				SWIFT_EMIT_LOC_STRINGS = YES;
				SWIFT_STRICT_CONCURRENCY = complete;
				SWIFT_VERSION = 6.0;
			};
			name = Release;
		};
		BB0000000000000000000001 /* Debug */ = {
			isa = XCBuildConfiguration;
			buildSettings = {
				CODE_SIGN_STYLE = Automatic;
				GENERATE_INFOPLIST_FILE = YES;
				MACOSX_DEPLOYMENT_TARGET = 15.0;
				PRODUCT_BUNDLE_IDENTIFIER = studio.okaryo.wingoTests;
				PRODUCT_NAME = "$(TARGET_NAME)";
				SWIFT_STRICT_CONCURRENCY = complete;
				SWIFT_VERSION = 6.0;
			};
			name = Debug;
		};
		BB0000000000000000000002 /* Release */ = {
			isa = XCBuildConfiguration;
			buildSettings = {
				CODE_SIGN_STYLE = Automatic;
				GENERATE_INFOPLIST_FILE = YES;
				MACOSX_DEPLOYMENT_TARGET = 15.0;
				PRODUCT_BUNDLE_IDENTIFIER = studio.okaryo.wingoTests;
				PRODUCT_NAME = "$(TARGET_NAME)";
				SWIFT_STRICT_CONCURRENCY = complete;
				SWIFT_VERSION = 6.0;
			};
			name = Release;
		};
/* End XCBuildConfiguration section */

/* Begin XCConfigurationList section */
		A90000000000000000000000 /* Build configuration list for PBXProject "Wingo" */ = {
			isa = XCConfigurationList;
			buildConfigurations = (
				AA0000000000000000000001 /* Debug */,
				AA0000000000000000000002 /* Release */,
			);
			defaultConfigurationIsVisible = 0;
			defaultConfigurationName = Release;
		};
		A90000000000000000000001 /* Build configuration list for PBXNativeTarget "Wingo" */ = {
			isa = XCConfigurationList;
			buildConfigurations = (
				AA0000000000000000000003 /* Debug */,
				AA0000000000000000000004 /* Release */,
			);
			defaultConfigurationIsVisible = 0;
			defaultConfigurationName = Release;
		};
		B90000000000000000000001 /* Build configuration list for PBXNativeTarget "WingoTests" */ = {
			isa = XCConfigurationList;
			buildConfigurations = (
				BB0000000000000000000001 /* Debug */,
				BB0000000000000000000002 /* Release */,
			);
			defaultConfigurationIsVisible = 0;
			defaultConfigurationName = Release;
		};
/* End XCConfigurationList section */
	};
	rootObject = A60000000000000000000000 /* Project object */;
}
